#MicroXplorer Configuration settings - do not modify
ADC1.ContinuousConvMode=ENABLE
ADC1.DMAContinuousRequests=ENABLE
ADC1.EnableRegularConversion=DISABLE
ADC1.ExternalTrigInjecConv=ADC_EXTERNALTRIGINJECCONV_HRTIM_TRG2
ADC1.ExternalTrigInjecConvEdge=ADC_EXTERNALTRIGINJECCONV_EDGE_RISINGFALLING
ADC1.IPParameters=master,DMAContinuousRequests,ContinuousConvMode,EnableRegularConversion,InjectedRank-1\#ChannelInjectedConversion,InjectedChannel-1\#ChannelInjectedConversion,InjectedSamplingTime-1\#ChannelInjectedConversion,InjectedOffsetNumber-1\#ChannelInjectedConversion,InjectedOffset-1\#ChannelInjectedConversion,InjectedRank-2\#ChannelInjectedConversion,InjectedChannel-2\#ChannelInjectedConversion,InjectedSamplingTime-2\#ChannelInjectedConversion,InjectedOffsetNumber-2\#ChannelInjectedConversion,InjectedOffset-2\#ChannelInjectedConversion,InjNumberOfConversion,QueueInjectedContext,ExternalTrigInjecConv,ExternalTrigInjecConvEdge,InjectedConvMode,SubFamily
ADC1.InjNumberOfConversion=2
ADC1.InjectedChannel-1\#ChannelInjectedConversion=ADC_CHANNEL_1
ADC1.InjectedChannel-2\#ChannelInjectedConversion=ADC_CHANNEL_1
ADC1.InjectedConvMode=Discontinuous
ADC1.InjectedOffset-1\#ChannelInjectedConversion=0
ADC1.InjectedOffset-2\#ChannelInjectedConversion=0
ADC1.InjectedOffsetNumber-1\#ChannelInjectedConversion=ADC_OFFSET_NONE
ADC1.InjectedOffsetNumber-2\#ChannelInjectedConversion=ADC_OFFSET_NONE
ADC1.InjectedRank-1\#ChannelInjectedConversion=1
ADC1.InjectedRank-2\#ChannelInjectedConversion=2
ADC1.InjectedSamplingTime-1\#ChannelInjectedConversion=ADC_SAMPLETIME_7CYCLES_5
ADC1.InjectedSamplingTime-2\#ChannelInjectedConversion=ADC_SAMPLETIME_7CYCLES_5
ADC1.QueueInjectedContext=ENABLE
ADC1.SubFamily=STM32F334x8
ADC1.master=1
ADC2.AWD1HighThreshold=2500
ADC2.AWD1ITMode=DISABLE
ADC2.AWD1LowThreshold=1000
ADC2.Channel-0\#ChannelRegularConversion=ADC_CHANNEL_2
ADC2.Channel-2\#ChannelRegularConversion=ADC_CHANNEL_2
ADC2.Channel-3\#ChannelRegularConversion=ADC_CHANNEL_2
ADC2.Channel-4\#ChannelRegularConversion=ADC_CHANNEL_2
ADC2.Channel-5\#ChannelRegularConversion=ADC_CHANNEL_2
ADC2.ContinuousConvMode=ENABLE
ADC2.DMAContinuousRequests=ENABLE
ADC2.EOCSelection=ADC_EOC_SEQ_CONV
ADC2.EnableAnalogWatchDog1=true
ADC2.EnableAnalogWatchDog2=false
ADC2.EnableAnalogWatchDog3=false
ADC2.EnableInjectedConversion=DISABLE
ADC2.IPParameters=Rank-0\#ChannelRegularConversion,Channel-0\#ChannelRegularConversion,SamplingTime-0\#ChannelRegularConversion,OffsetNumber-0\#ChannelRegularConversion,Offset-0\#ChannelRegularConversion,NbrOfConversionFlag,EnableInjectedConversion,Rank-2\#ChannelRegularConversion,Channel-2\#ChannelRegularConversion,SamplingTime-2\#ChannelRegularConversion,OffsetNumber-2\#ChannelRegularConversion,Offset-2\#ChannelRegularConversion,NbrOfConversion,Rank-3\#ChannelRegularConversion,Channel-3\#ChannelRegularConversion,SamplingTime-3\#ChannelRegularConversion,OffsetNumber-3\#ChannelRegularConversion,Offset-3\#ChannelRegularConversion,Rank-4\#ChannelRegularConversion,Channel-4\#ChannelRegularConversion,SamplingTime-4\#ChannelRegularConversion,OffsetNumber-4\#ChannelRegularConversion,Offset-4\#ChannelRegularConversion,Rank-5\#ChannelRegularConversion,Channel-5\#ChannelRegularConversion,SamplingTime-5\#ChannelRegularConversion,OffsetNumber-5\#ChannelRegularConversion,Offset-5\#ChannelRegularConversion,ContinuousConvMode,DMAContinuousRequests,EOCSelection,EnableAnalogWatchDog3,EnableAnalogWatchDog2,EnableAnalogWatchDog1,WatchdogChannel,AWD1HighThreshold,AWD1LowThreshold,AWD1ITMode,SubFamily
ADC2.NbrOfConversion=5
ADC2.NbrOfConversionFlag=1
ADC2.Offset-0\#ChannelRegularConversion=0
ADC2.Offset-2\#ChannelRegularConversion=0
ADC2.Offset-3\#ChannelRegularConversion=0
ADC2.Offset-4\#ChannelRegularConversion=0
ADC2.Offset-5\#ChannelRegularConversion=0
ADC2.OffsetNumber-0\#ChannelRegularConversion=ADC_OFFSET_NONE
ADC2.OffsetNumber-2\#ChannelRegularConversion=ADC_OFFSET_NONE
ADC2.OffsetNumber-3\#ChannelRegularConversion=ADC_OFFSET_NONE
ADC2.OffsetNumber-4\#ChannelRegularConversion=ADC_OFFSET_NONE
ADC2.OffsetNumber-5\#ChannelRegularConversion=ADC_OFFSET_NONE
ADC2.Rank-0\#ChannelRegularConversion=1
ADC2.Rank-2\#ChannelRegularConversion=2
ADC2.Rank-3\#ChannelRegularConversion=3
ADC2.Rank-4\#ChannelRegularConversion=4
ADC2.Rank-5\#ChannelRegularConversion=5
ADC2.SamplingTime-0\#ChannelRegularConversion=ADC_SAMPLETIME_601CYCLES_5
ADC2.SamplingTime-2\#ChannelRegularConversion=ADC_SAMPLETIME_601CYCLES_5
ADC2.SamplingTime-3\#ChannelRegularConversion=ADC_SAMPLETIME_601CYCLES_5
ADC2.SamplingTime-4\#ChannelRegularConversion=ADC_SAMPLETIME_601CYCLES_5
ADC2.SamplingTime-5\#ChannelRegularConversion=ADC_SAMPLETIME_601CYCLES_5
ADC2.SubFamily=STM32F334x8
ADC2.WatchdogChannel=ADC_CHANNEL_2
COMP2.IPParameters=InvertingInput,TriggerMode
COMP2.InvertingInput=COMP_INVERTINGINPUT_DAC1_CH1
COMP2.TriggerMode=COMP_TRIGGERMODE_IT_RISING_FALLING
COMP4.IPParameters=InvertingInput,TriggerMode
COMP4.InvertingInput=COMP_INVERTINGINPUT_DAC2_CH1
COMP4.TriggerMode=COMP_TRIGGERMODE_IT_RISING_FALLING
Dma.ADC2.1.Direction=DMA_PERIPH_TO_MEMORY
Dma.ADC2.1.Instance=DMA1_Channel2
Dma.ADC2.1.MemDataAlignment=DMA_MDATAALIGN_HALFWORD
Dma.ADC2.1.MemInc=DMA_MINC_ENABLE
Dma.ADC2.1.Mode=DMA_CIRCULAR
Dma.ADC2.1.PeriphDataAlignment=DMA_PDATAALIGN_HALFWORD
Dma.ADC2.1.PeriphInc=DMA_PINC_DISABLE
Dma.ADC2.1.Priority=DMA_PRIORITY_MEDIUM
Dma.ADC2.1.RequestParameters=Instance,Direction,PeriphInc,MemInc,PeriphDataAlignment,MemDataAlignment,Mode,Priority
Dma.Request0=USART2_TX
Dma.Request1=ADC2
Dma.RequestsNb=2
Dma.USART2_TX.0.Direction=DMA_MEMORY_TO_PERIPH
Dma.USART2_TX.0.Instance=DMA1_Channel7
Dma.USART2_TX.0.MemDataAlignment=DMA_MDATAALIGN_BYTE
Dma.USART2_TX.0.MemInc=DMA_MINC_ENABLE
Dma.USART2_TX.0.Mode=DMA_CIRCULAR
Dma.USART2_TX.0.PeriphDataAlignment=DMA_PDATAALIGN_BYTE
Dma.USART2_TX.0.PeriphInc=DMA_PINC_DISABLE
Dma.USART2_TX.0.Priority=DMA_PRIORITY_LOW
Dma.USART2_TX.0.RequestParameters=Instance,Direction,PeriphInc,MemInc,PeriphDataAlignment,MemDataAlignment,Mode,Priority
File.Version=6
GPIO.groupedBy=Group By Peripherals
HRTIM1.ADCTrigger1_Source1=HRTIM_ADCTRIGGEREVENT13_MASTER_CMP1
HRTIM1.ADCTrigger1_Source2=HRTIM_ADCTRIGGEREVENT13_MASTER_CMP2
HRTIM1.ADCTrigger1_Source3=HRTIM_ADCTRIGGEREVENT13_MASTER_CMP3
HRTIM1.ADCTrigger1_Source4=HRTIM_ADCTRIGGEREVENT13_MASTER_CMP4
HRTIM1.ADCTrigger2_Source1=HRTIM_ADCTRIGGEREVENT24_MASTER_CMP1
HRTIM1.ADCTrigger2_Source2=HRTIM_ADCTRIGGEREVENT24_MASTER_CMP3
HRTIM1.ADCTrigger2_Source3=HRTIM_ADCTRIGGEREVENT24_TIMERA_CMP2
HRTIM1.ADCTrigger2_Source4=HRTIM_ADCTRIGGEREVENT24_TIMERA_CMP3
HRTIM1.ADCTrigger2_Source5=HRTIM_ADCTRIGGEREVENT24_TIMERA_CMP4
HRTIM1.ADCTrigger2_Source6=HRTIM_ADCTRIGGEREVENT24_TIMERB_CMP2
HRTIM1.ADCTrigger2_Source7=HRTIM_ADCTRIGGEREVENT24_TIMERB_CMP3
HRTIM1.ADCTrigger2_Source8=HRTIM_ADCTRIGGEREVENT24_TIMERB_CMP4
HRTIM1.ADCTrigger3_Source1=HRTIM_ADCTRIGGEREVENT13_TIMERB_CMP2
HRTIM1.ADCTrigger3_Source2=HRTIM_ADCTRIGGEREVENT13_TIMERB_CMP3
HRTIM1.ADCTrigger3_Source3=HRTIM_ADCTRIGGEREVENT13_TIMERB_CMP4
HRTIM1.ADCTrigger4_Source1=HRTIM_ADCTRIGGEREVENT24_MASTER_PERIOD
HRTIM1.ADCTrigger_Id1=__NULL
HRTIM1.ADCTrigger_Id2=HRTIM_ADCTRIGGER_2
HRTIM1.ADCTrigger_Id3=__NULL
HRTIM1.ADCTrigger_Id4=__NULL
HRTIM1.CaptureUnit1-Output_TA1=HRTIM_CAPTUREUNIT_1
HRTIM1.CaptureUnit1-Output_TB1=HRTIM_CAPTUREUNIT_1
HRTIM1.CaptureUnit2-Output_TA1=HRTIM_CAPTUREUNIT_2
HRTIM1.CaptureUnit2-Output_TB1=HRTIM_CAPTUREUNIT_2
HRTIM1.CompareUnit1-MasterTimer=HRTIM_COMPAREUNIT_1
HRTIM1.CompareUnit1-Output_TA1=HRTIM_COMPAREUNIT_1
HRTIM1.CompareUnit1-Output_TB1=HRTIM_COMPAREUNIT_1
HRTIM1.CompareUnit2-MasterTimer=HRTIM_COMPAREUNIT_2
HRTIM1.CompareUnit2-Output_TA1=HRTIM_COMPAREUNIT_2
HRTIM1.CompareUnit2-Output_TB1=HRTIM_COMPAREUNIT_2
HRTIM1.CompareUnit3-MasterTimer=HRTIM_COMPAREUNIT_3
HRTIM1.CompareUnit3-Output_TA1=HRTIM_COMPAREUNIT_3
HRTIM1.CompareUnit3-Output_TB1=HRTIM_COMPAREUNIT_3
HRTIM1.CompareUnit4-MasterTimer=HRTIM_COMPAREUNIT_4
HRTIM1.CompareUnit4-Output_TA1=HRTIM_COMPAREUNIT_4
HRTIM1.CompareUnit4-Output_TB1=HRTIM_COMPAREUNIT_4
HRTIM1.CompareValue1-MasterTimer=2300
HRTIM1.CompareValue1-Output_TA1=7000
HRTIM1.CompareValue1-Output_TB1=40000
HRTIM1.CompareValue2-MasterTimer=30459
HRTIM1.CompareValue2-Output_TA1=14000
HRTIM1.CompareValue2-Output_TB1=47000
HRTIM1.CompareValue3-MasterTimer=35059
HRTIM1.CompareValue3-Output_TA1=21000
HRTIM1.CompareValue3-Output_TB1=54000
HRTIM1.CompareValue4-MasterTimer=63219
HRTIM1.CompareValue4-Output_TA1=28000
HRTIM1.CompareValue4-Output_TB1=61000
HRTIM1.EnableCalibration=DLLSimpleCalibration
HRTIM1.Event4-Output_TA1=__NULL
HRTIM1.Event_EEV1=HRTIM_EVENT_1
HRTIM1.Event_EEV2=HRTIM_EVENT_2
HRTIM1.Event_EEV3=__NULL
HRTIM1.Event_EEV4=HRTIM_EVENT_4
HRTIM1.FastMode_EEV1=HRTIM_EVENTFASTMODE_ENABLE
HRTIM1.FastMode_EEV2=HRTIM_EVENTFASTMODE_ENABLE
HRTIM1.FastMode_EEV4=HRTIM_EVENTFASTMODE_ENABLE
HRTIM1.FaultEnable_Source1-Output_TA1=HRTIM_TIMFAULTENABLE_FAULT2
HRTIM1.FaultEnable_Source1-Output_TB1=HRTIM_TIMFAULTENABLE_FAULT2
HRTIM1.FaultLevel1-Output_TA1=HRTIM_OUTPUTFAULTLEVEL_INACTIVE
HRTIM1.FaultLevel1-Output_TB1=HRTIM_OUTPUTFAULTLEVEL_INACTIVE
HRTIM1.Filter_FaultLine2=HRTIM_FAULTFILTER_15
HRTIM1.HRTIMInterruptResquests1=HRTIM_IT_FLT2
HRTIM1.HRTIMInterruptResquests2=HRTIM_IT_SYSFLT
HRTIM1.IPParameters=CaptureUnit2-Output_TB1,NumberTriggerSource_Captureconfig2-Output_TB1,Event_EEV1,Sensitivity_EEV1,Event_EEV2,FastMode_EEV1,FastMode_EEV2,EnableCalibration,HRTIMInterruptResquests1,HRTIMInterruptResquests2,Periode_MASTER,PrescalerRatio_MASTER,NumberInterruptRequests_Master-MasterTimer,InterruptRequests1_Master,CompareUnit1-MasterTimer,CompareValue1-MasterTimer,InterruptRequests2_Master,CompareUnit2-MasterTimer,CompareValue2-MasterTimer,InterruptRequests3_Master,CompareUnit3-MasterTimer,CompareValue3-MasterTimer,InterruptRequests4_Master,CompareUnit4-MasterTimer,CompareValue4-MasterTimer,InterruptRequests5_Master,ADCTrigger_Id1,NumberADCTriggerSource1,ORingUpdateSource_ADCTrigger1,ADCTrigger_Id2,ORingUpdateSource_ADCTrigger2,NumberADCTriggerSource2,Filter_FaultLine2,NumberDMARequests_Master,PrescalerRatio_TA,ModeTimeBase-Output_TA1,NumberFaultEnable-Output_TA1,FaultEnable_Source1-Output_TA1,NumberUpdateTrigger-Output_TA1,UpdateTrigger1-Output_TA1,NumberResetTrigger-Output_TA1,ResetTrigger1-Output_TA1,ResetTrigger2-Output_TA1,ResetTrigger3-Output_TA1,NumberInterruptRequests-Output_TA1,CompareUnit1-Output_TA1,CompareValue1-Output_TA1,CompareUnit2-Output_TA1,CompareValue2-Output_TA1,CompareUnit3-Output_TA1,CompareValue3-Output_TA1,CompareUnit4-Output_TA1,CompareValue4-Output_TA1,CaptureUnit1-Output_TA1,NumberTriggerSource_Captureconfig1-Output_TA1,TriggerCapture1_Source1-Output_TA1,TriggerCapture1_Source2-Output_TA1,CaptureUnit2-Output_TA1,NumberTriggerSource_Captureconfig2-Output_TA1,TriggerCapture2_Source1-Output_TA1,InterruptRequests1-Output_TA1,InterruptRequests2-Output_TA1,InterruptRequests3-Output_TA1,InterruptRequests4-Output_TA1,InterruptRequests5-Output_TA1,InterruptRequests6-Output_TA1,NumberSetSource1-Output_TA1,SetOutput1_Source1-Output_TA1,NumberResetSource1-Output_TA1,ResetOutput1_Source1-Output_TA1,ResetOutput1_Source2-Output_TA1,ResetOutput1_Source3-Output_TA1,FaultLevel1-Output_TA1,PrescalerRatio_TB,ModeTimeBase-Output_TB1,NumberFaultEnable-Output_TB1,FaultEnable_Source1-Output_TB1,NumberUpdateTrigger-Output_TB1,UpdateTrigger1-Output_TB1,NumberResetTrigger-Output_TB1,ResetTrigger1-Output_TB1,ResetTrigger2-Output_TB1,ResetTrigger3-Output_TB1,NumberInterruptRequests-Output_TB1,CompareUnit1-Output_TB1,CompareValue1-Output_TB1,CompareUnit2-Output_TB1,CompareValue2-Output_TB1,CompareUnit3-Output_TB1,CompareValue3-Output_TB1,CompareUnit4-Output_TB1,CompareValue4-Output_TB1,CaptureUnit1-Output_TB1,NumberTriggerSource_Captureconfig1-Output_TB1,TriggerCapture1_Source1-Output_TB1,TriggerCapture1_Source2-Output_TB1,TriggerCapture2_Source1-Output_TB1,InterruptRequests1-Output_TB1,InterruptRequests2-Output_TB1,InterruptRequests3-Output_TB1,InterruptRequests4-Output_TB1,InterruptRequests5-Output_TB1,InterruptRequests6-Output_TB1,NumberSetSource1-Output_TB1,SetOutput1_Source1-Output_TB1,NumberResetSource1-Output_TB1,ResetOutput1_Source1-Output_TB1,ResetOutput1_Source2-Output_TB1,ResetOutput1_Source3-Output_TB1,FaultLevel1-Output_TB1,ADCTrigger1_Source1,ADCTrigger1_Source2,ADCTrigger1_Source3,ADCTrigger1_Source4,ADCTrigger2_Source1,ADCTrigger2_Source2,ADCTrigger2_Source3,ADCTrigger2_Source4,ADCTrigger_Id3,ORingUpdateSource_ADCTrigger3,NumberADCTriggerSource3,ADCTrigger3_Source1,ADCTrigger3_Source2,ADCTrigger3_Source3,Event_EEV3,ADCTrigger_Id4,NumberADCTriggerSource4,ADCTrigger4_Source1,ADCTrigger2_Source5,ADCTrigger2_Source6,ADCTrigger2_Source7,ADCTrigger2_Source8,Event_EEV4,Source_EEV4,FastMode_EEV4,ResetTrigger4-Output_TA1,Event4-Output_TA1,ResetOutput1_Source4-Output_TA1,ResetTrigger4-Output_TB1,ResetOutput1_Source4-Output_TB1
HRTIM1.InterruptRequests1-Output_TA1=HRTIM_TIM_IT_CMP1
HRTIM1.InterruptRequests1-Output_TB1=HRTIM_TIM_IT_CMP1
HRTIM1.InterruptRequests1_Master=HRTIM_MASTER_IT_MREP
HRTIM1.InterruptRequests2-Output_TA1=HRTIM_TIM_IT_CMP2
HRTIM1.InterruptRequests2-Output_TB1=HRTIM_TIM_IT_CMP2
HRTIM1.InterruptRequests2_Master=HRTIM_MASTER_IT_MCMP1
HRTIM1.InterruptRequests3-Output_TA1=HRTIM_TIM_IT_CMP3
HRTIM1.InterruptRequests3-Output_TB1=HRTIM_TIM_IT_CMP3
HRTIM1.InterruptRequests3_Master=HRTIM_MASTER_IT_MCMP2
HRTIM1.InterruptRequests4-Output_TA1=HRTIM_TIM_IT_CMP4
HRTIM1.InterruptRequests4-Output_TB1=HRTIM_TIM_IT_CMP4
HRTIM1.InterruptRequests4_Master=HRTIM_MASTER_IT_MCMP3
HRTIM1.InterruptRequests5-Output_TA1=HRTIM_TIM_IT_CPT1
HRTIM1.InterruptRequests5-Output_TB1=HRTIM_TIM_IT_CPT1
HRTIM1.InterruptRequests5_Master=HRTIM_MASTER_IT_MCMP4
HRTIM1.InterruptRequests6-Output_TA1=HRTIM_TIM_IT_CPT2
HRTIM1.InterruptRequests6-Output_TB1=HRTIM_TIM_IT_CPT2
HRTIM1.ModeTimeBase-Output_TA1=HRTIM_MODE_SINGLESHOT_RETRIGGERABLE
HRTIM1.ModeTimeBase-Output_TB1=HRTIM_MODE_SINGLESHOT_RETRIGGERABLE
HRTIM1.NumberADCTriggerSource1=4
HRTIM1.NumberADCTriggerSource2=8
HRTIM1.NumberADCTriggerSource3=3
HRTIM1.NumberADCTriggerSource4=1
HRTIM1.NumberDMARequests_Master=0
HRTIM1.NumberFaultEnable-Output_TA1=1
HRTIM1.NumberFaultEnable-Output_TB1=1
HRTIM1.NumberInterruptRequests-Output_TA1=6
HRTIM1.NumberInterruptRequests-Output_TB1=6
HRTIM1.NumberInterruptRequests_Master-MasterTimer=5
HRTIM1.NumberResetSource1-Output_TA1=4
HRTIM1.NumberResetSource1-Output_TB1=4
HRTIM1.NumberResetTrigger-Output_TA1=4
HRTIM1.NumberResetTrigger-Output_TB1=4
HRTIM1.NumberSetSource1-Output_TA1=1
HRTIM1.NumberSetSource1-Output_TB1=1
HRTIM1.NumberTriggerSource_Captureconfig1-Output_TA1=2
HRTIM1.NumberTriggerSource_Captureconfig1-Output_TB1=2
HRTIM1.NumberTriggerSource_Captureconfig2-Output_TA1=1
HRTIM1.NumberTriggerSource_Captureconfig2-Output_TB1=1
HRTIM1.NumberUpdateTrigger-Output_TA1=1
HRTIM1.NumberUpdateTrigger-Output_TB1=1
HRTIM1.ORingUpdateSource_ADCTrigger1=HRTIM_ADCTRIGGERUPDATE_MASTER
HRTIM1.ORingUpdateSource_ADCTrigger2=HRTIM_ADCTRIGGERUPDATE_MASTER
HRTIM1.ORingUpdateSource_ADCTrigger3=HRTIM_ADCTRIGGERUPDATE_TIMER_B
HRTIM1.Periode_MASTER=65503
HRTIM1.PrescalerRatio_MASTER=HRTIM_PRESCALERRATIO_MUL16
HRTIM1.PrescalerRatio_TA=HRTIM_PRESCALERRATIO_MUL16
HRTIM1.PrescalerRatio_TB=HRTIM_PRESCALERRATIO_MUL16
HRTIM1.ResetOutput1_Source1-Output_TA1=HRTIM_OUTPUTRESET_MASTERCMP2
HRTIM1.ResetOutput1_Source1-Output_TB1=HRTIM_OUTPUTRESET_MASTERCMP4
HRTIM1.ResetOutput1_Source2-Output_TA1=HRTIM_OUTPUTRESET_EEV_1
HRTIM1.ResetOutput1_Source2-Output_TB1=HRTIM_OUTPUTRESET_EEV_1
HRTIM1.ResetOutput1_Source3-Output_TA1=HRTIM_OUTPUTRESET_EEV_2
HRTIM1.ResetOutput1_Source3-Output_TB1=HRTIM_OUTPUTRESET_EEV_2
HRTIM1.ResetOutput1_Source4-Output_TA1=HRTIM_OUTPUTRESET_EEV_4
HRTIM1.ResetOutput1_Source4-Output_TB1=HRTIM_OUTPUTRESET_EEV_4
HRTIM1.ResetTrigger1-Output_TA1=HRTIM_TIMRESETTRIGGER_MASTER_CMP2
HRTIM1.ResetTrigger1-Output_TB1=HRTIM_TIMRESETTRIGGER_MASTER_CMP4
HRTIM1.ResetTrigger2-Output_TA1=HRTIM_TIMRESETTRIGGER_EEV_1
HRTIM1.ResetTrigger2-Output_TB1=HRTIM_TIMRESETTRIGGER_EEV_1
HRTIM1.ResetTrigger3-Output_TA1=HRTIM_TIMRESETTRIGGER_EEV_2
HRTIM1.ResetTrigger3-Output_TB1=HRTIM_TIMRESETTRIGGER_EEV_2
HRTIM1.ResetTrigger4-Output_TA1=HRTIM_TIMRESETTRIGGER_EEV_4
HRTIM1.ResetTrigger4-Output_TB1=HRTIM_TIMRESETTRIGGER_EEV_4
HRTIM1.Sensitivity_EEV1=HRTIM_EVENTSENSITIVITY_LEVEL
HRTIM1.SetOutput1_Source1-Output_TA1=HRTIM_OUTPUTSET_MASTERCMP1
HRTIM1.SetOutput1_Source1-Output_TB1=HRTIM_OUTPUTSET_MASTERCMP3
HRTIM1.Source_EEV4=HRTIM_EVENTSRC_4
HRTIM1.TriggerCapture1_Source1-Output_TA1=HRTIM_CAPTURETRIGGER_EEV_1
HRTIM1.TriggerCapture1_Source1-Output_TB1=HRTIM_CAPTURETRIGGER_EEV_1
HRTIM1.TriggerCapture1_Source2-Output_TA1=HRTIM_CAPTURETRIGGER_EEV_2
HRTIM1.TriggerCapture1_Source2-Output_TB1=HRTIM_CAPTURETRIGGER_EEV_2
HRTIM1.TriggerCapture2_Source1-Output_TA1=HRTIM_CAPTURETRIGGER_TA1_RESET
HRTIM1.TriggerCapture2_Source1-Output_TB1=HRTIM_CAPTURETRIGGER_TB1_SET
HRTIM1.UpdateTrigger1-Output_TA1=HRTIM_TIMUPDATETRIGGER_MASTER
HRTIM1.UpdateTrigger1-Output_TB1=HRTIM_TIMUPDATETRIGGER_MASTER
IWDG.IPParameters=Prescaler
IWDG.Prescaler=IWDG_PRESCALER_128
KeepUserPlacement=false
Mcu.Family=STM32F3
Mcu.IP0=ADC1
Mcu.IP1=ADC2
Mcu.IP10=NVIC
Mcu.IP11=RCC
Mcu.IP12=SYS
Mcu.IP13=TIM2
Mcu.IP14=USART2
Mcu.IP2=COMP2
Mcu.IP3=COMP4
Mcu.IP4=CRC
Mcu.IP5=DAC1
Mcu.IP6=DAC2
Mcu.IP7=DMA
Mcu.IP8=HRTIM1
Mcu.IP9=IWDG
Mcu.IPNb=15
Mcu.Name=STM32F334C(4-6-8)Tx
Mcu.Package=LQFP48
Mcu.Pin0=PC13
Mcu.Pin1=PC14 / OSC32_IN
Mcu.Pin10=PA5
Mcu.Pin11=PA6
Mcu.Pin12=PA7
Mcu.Pin13=PB0
Mcu.Pin14=PB1
Mcu.Pin15=PB2
Mcu.Pin16=PB10
Mcu.Pin17=PB12
Mcu.Pin18=PB13
Mcu.Pin19=PB14
Mcu.Pin2=PC15 / OSC32_OUT
Mcu.Pin20=PB15
Mcu.Pin21=PA8
Mcu.Pin22=PA9
Mcu.Pin23=PA10
Mcu.Pin24=PA11
Mcu.Pin25=PA12
Mcu.Pin26=PA13
Mcu.Pin27=PA14
Mcu.Pin28=PA15
Mcu.Pin29=PB3
Mcu.Pin3=PF0 / OSC_IN
Mcu.Pin30=PB4
Mcu.Pin31=PB5
Mcu.Pin32=PB6
Mcu.Pin33=PB7
Mcu.Pin34=PB8
Mcu.Pin35=PB9
Mcu.Pin36=VP_COMP2_VS_DAC1OUT1
Mcu.Pin37=VP_COMP4_VS_DAC2OUT1
Mcu.Pin38=VP_CRC_VS_CRC
Mcu.Pin39=VP_HRTIM1_VS_hrtimMasterTimerNoOutput
Mcu.Pin4=PF1 / OSC_OUT
Mcu.Pin40=VP_IWDG_VS_IWDG
Mcu.Pin41=VP_SYS_VS_Systick
Mcu.Pin5=PA0
Mcu.Pin6=PA1
Mcu.Pin7=PA2
Mcu.Pin8=PA3
Mcu.Pin9=PA4
Mcu.PinsNb=42
Mcu.ThirdPartyNb=0
Mcu.UserConstants=
Mcu.UserName=STM32F334C8Tx
MxCube.Version=5.5.0
MxDb.Version=DB.5.0.50
NVIC.BusFault_IRQn=true\:0\:0\:false\:false\:true\:false\:false
NVIC.COMP2_IRQn=true\:0\:0\:false\:false\:true\:false\:true
NVIC.COMP4_6_IRQn=true\:0\:0\:false\:false\:true\:false\:true
NVIC.DMA1_Channel2_IRQn=true\:0\:0\:false\:false\:true\:false\:true
NVIC.DMA1_Channel7_IRQn=true\:0\:0\:false\:false\:true\:false\:true
NVIC.DebugMonitor_IRQn=true\:0\:0\:false\:false\:true\:false\:false
NVIC.EXTI15_10_IRQn=true\:0\:2\:false\:false\:true\:true\:true
NVIC.EXTI3_IRQn=true\:0\:2\:false\:false\:true\:true\:true
NVIC.EXTI9_5_IRQn=true\:0\:2\:false\:false\:true\:true\:true
NVIC.ForceEnableDMAVector=true
NVIC.HRTIM1_FLT_IRQn=true\:0\:0\:false\:false\:true\:true\:true
NVIC.HRTIM1_Master_IRQn=true\:0\:0\:false\:false\:true\:true\:true
NVIC.HRTIM1_TIMA_IRQn=true\:0\:0\:false\:false\:true\:true\:true
NVIC.HRTIM1_TIMB_IRQn=true\:0\:0\:false\:false\:true\:true\:true
NVIC.HardFault_IRQn=true\:0\:0\:false\:false\:true\:false\:false
NVIC.MemoryManagement_IRQn=true\:0\:0\:false\:false\:true\:false\:false
NVIC.NonMaskableInt_IRQn=true\:0\:0\:false\:false\:true\:false\:false
NVIC.PVD_IRQn=true\:0\:2\:true\:false\:true\:true\:true
NVIC.PendSV_IRQn=true\:0\:0\:false\:false\:true\:false\:false
NVIC.PriorityGroup=NVIC_PRIORITYGROUP_1
NVIC.SVCall_IRQn=true\:0\:0\:false\:false\:true\:false\:false
NVIC.SysTick_IRQn=true\:0\:1\:false\:false\:true\:false\:true
NVIC.UsageFault_IRQn=true\:0\:0\:false\:false\:true\:false\:false
PA0.GPIOParameters=GPIO_Label
PA0.GPIO_Label=ADC-OC-I
PA0.Locked=true
PA0.Mode=IN1-Single-Ended
PA0.Signal=ADC1_IN1
PA1.GPIOParameters=GPIO_Label
PA1.GPIO_Label=ADC-OC-V
PA1.Locked=true
PA1.Mode=IN2-Single-Ended
PA1.Signal=ADC1_IN2
PA10.GPIOParameters=GPIO_Label
PA10.GPIO_Label=PWM2
PA10.Mode=Output_TB1
PA10.Signal=HRTIM1_CHB1
PA11.GPIOParameters=GPIO_Speed,GPIO_Label
PA11.GPIO_Label=SYNC-CMD
PA11.GPIO_Speed=GPIO_SPEED_FREQ_HIGH
PA11.Locked=true
PA11.Signal=GPIO_Output
PA12.GPIOParameters=GPIO_Label,GPIO_ModeDefaultEXTI
PA12.GPIO_Label=SYNC-A
PA12.GPIO_ModeDefaultEXTI=GPIO_MODE_IT_RISING_FALLING
PA12.Locked=true
PA12.Signal=GPXTI12
PA13.GPIOParameters=GPIO_Label
PA13.GPIO_Label=DIO
PA13.Mode=Serial_Wire
PA13.Signal=SYS_JTMS-SWDIO
PA14.GPIOParameters=GPIO_Label
PA14.GPIO_Label=CLK
PA14.Mode=Serial_Wire
PA14.Signal=SYS_JTCK-SWCLK
PA15.GPIOParameters=GPIO_Label
PA15.GPIO_Label=PWM_FAULT
PA15.Locked=true
PA15.Mode=Fault_Enable2
PA15.Signal=HRTIM1_FLT2
PA2.GPIOParameters=GPIO_Label
PA2.GPIO_Label=TX
PA2.Locked=true
PA2.Mode=Asynchronous
PA2.Signal=USART2_TX
PA3.GPIOParameters=GPIO_Label
PA3.GPIO_Label=RX
PA3.Locked=true
PA3.Mode=Asynchronous
PA3.Signal=USART2_RX
PA4.GPIOParameters=GPIO_Label
PA4.GPIO_Label=DAC_V
PA4.Signal=COMP_DAC11_group
PA5.GPIOParameters=GPIO_Label
PA5.GPIO_Label=ADC-15V
PA5.Locked=true
PA5.Mode=IN2-Single-Ended
PA5.Signal=ADC2_IN2
PA6.GPIOParameters=GPIO_Label
PA6.GPIO_Label=DAC_I
PA6.Signal=COMP_DAC21_group
PA7.GPIOParameters=GPIO_Label
PA7.GPIO_Label=OC-V
PA7.Mode=INP
PA7.Signal=COMP2_INP
PA8.GPIOParameters=GPIO_Label
PA8.GPIO_Label=PWM1
PA8.Mode=Output_TA1
PA8.Signal=HRTIM1_CHA1
PA9.GPIOParameters=GPIO_Speed,GPIO_Label
PA9.GPIO_Label=COOLER_PWM
PA9.GPIO_Speed=GPIO_SPEED_FREQ_HIGH
PA9.Locked=true
PA9.Signal=S_TIM2_CH3
PB0.GPIOParameters=GPIO_Label
PB0.GPIO_Label=OC-I
PB0.Mode=INP
PB0.Signal=COMP4_INP
PB1.GPIOParameters=GPIO_Speed,GPIO_Label
PB1.GPIO_Label=PWM50HZ_A
PB1.GPIO_Speed=GPIO_SPEED_FREQ_HIGH
PB1.Locked=true
PB1.Signal=GPIO_Output
PB10.GPIOParameters=GPIO_Speed,GPIO_Label
PB10.GPIO_Label=LED_TEMP
PB10.GPIO_Speed=GPIO_SPEED_FREQ_HIGH
PB10.Locked=true
PB10.Signal=GPIO_Output
PB12.GPIOParameters=GPIO_Label
PB12.GPIO_Label=TEMP_LEVEL
PB12.Locked=true
PB12.Mode=IN13-Single-Ended
PB12.Signal=ADC2_IN13
PB13.GPIOParameters=GPIO_Speed,GPIO_Label
PB13.GPIO_Label=PWM50HZ_B
PB13.GPIO_Speed=GPIO_SPEED_FREQ_HIGH
PB13.Locked=true
PB13.Signal=GPIO_Output
PB14.GPIOParameters=GPIO_Label
PB14.GPIO_Label=ADC-AB
PB14.Locked=true
PB14.Mode=IN14-Single-Ended
PB14.Signal=ADC2_IN14
PB15.GPIOParameters=GPIO_Label
PB15.GPIO_Label=ADC_TEMP
PB15.Locked=true
PB15.Mode=IN15-Single-Ended
PB15.Signal=ADC2_IN15
PB2.GPIOParameters=GPIO_Label
PB2.GPIO_Label=BUZZER_LEVEL
PB2.Locked=true
PB2.Mode=IN12-Single-Ended
PB2.Signal=ADC2_IN12
PB3.GPIOParameters=GPIO_Label,GPIO_ModeDefaultEXTI
PB3.GPIO_Label=SYNC-A
PB3.GPIO_ModeDefaultEXTI=GPIO_MODE_IT_RISING_FALLING
PB3.Locked=true
PB3.Signal=GPXTI3
PB4.GPIOParameters=GPIO_Speed,GPIO_Label
PB4.GPIO_Label=LED_AB
PB4.GPIO_Speed=GPIO_SPEED_FREQ_HIGH
PB4.Locked=true
PB4.Signal=GPIO_Output
PB5.GPIOParameters=GPIO_Speed,GPIO_Label
PB5.GPIO_Label=IGLA_CMD
PB5.GPIO_Speed=GPIO_SPEED_FREQ_HIGH
PB5.Locked=true
PB5.Signal=GPIO_Output
PB6.GPIOParameters=GPIO_FM6,GPIO_Speed,GPIO_Label
PB6.GPIO_FM6=SYSCFG_CFGR1_I2C_PB6_FMP
PB6.GPIO_Label=DRV_SD
PB6.GPIO_Speed=GPIO_SPEED_FREQ_HIGH
PB6.Locked=true
PB6.Signal=GPIO_Output
PB7.GPIOParameters=GPIO_Label,GPIO_ModeDefaultEXTI
PB7.GPIO_Label=CMD-START-STOP
PB7.GPIO_ModeDefaultEXTI=GPIO_MODE_IT_RISING_FALLING
PB7.Locked=true
PB7.Signal=GPXTI7
PB8.GPIOParameters=GPIO_Label,GPIO_ModeDefaultEXTI
PB8.GPIO_Label=CMD-BLOCK-PEREK
PB8.GPIO_ModeDefaultEXTI=GPIO_MODE_IT_RISING_FALLING
PB8.Locked=true
PB8.Signal=GPXTI8
PB9.GPIOParameters=GPIO_Speed,GPIO_Label,GPIO_FM9
PB9.GPIO_FM9=SYSCFG_CFGR1_I2C_PB9_FMP
PB9.GPIO_Label=BUZZER
PB9.GPIO_Speed=GPIO_SPEED_FREQ_HIGH
PB9.Locked=true
PB9.Signal=GPIO_Output
PC13.GPIOParameters=GPIO_Label,GPIO_ModeDefaultEXTI
PC13.GPIO_Label=CMD-START-STOP
PC13.GPIO_ModeDefaultEXTI=GPIO_MODE_IT_RISING_FALLING
PC13.Locked=true
PC13.Signal=GPXTI13
PC14\ /\ OSC32_IN.GPIOParameters=GPIO_Speed,GPIO_Label
PC14\ /\ OSC32_IN.GPIO_Label=LED_I
PC14\ /\ OSC32_IN.GPIO_Speed=GPIO_SPEED_FREQ_HIGH
PC14\ /\ OSC32_IN.Locked=true
PC14\ /\ OSC32_IN.Signal=GPIO_Output
PC15\ /\ OSC32_OUT.GPIOParameters=GPIO_Speed,GPIO_Label
PC15\ /\ OSC32_OUT.GPIO_Label=LED_V
PC15\ /\ OSC32_OUT.GPIO_Speed=GPIO_SPEED_FREQ_HIGH
PC15\ /\ OSC32_OUT.Locked=true
PC15\ /\ OSC32_OUT.Signal=GPIO_Output
PCC.Checker=false
PCC.Line=STM32F334
PCC.MCU=STM32F334C(4-6-8)Tx
PCC.PartNumber=STM32F334C8Tx
PCC.Seq0=0
PCC.Series=STM32F3
PCC.Temperature=25
PCC.Vdd=3.6
PF0\ /\ OSC_IN.GPIOParameters=GPIO_Label
PF0\ /\ OSC_IN.GPIO_Label=OSC_IN
PF0\ /\ OSC_IN.Mode=HSE-External-Oscillator
PF0\ /\ OSC_IN.Signal=RCC_OSC_IN
PF1\ /\ OSC_OUT.GPIOParameters=GPIO_Label
PF1\ /\ OSC_OUT.GPIO_Label=OSC_OUT
PF1\ /\ OSC_OUT.Mode=HSE-External-Oscillator
PF1\ /\ OSC_OUT.Signal=RCC_OSC_OUT
PinOutPanel.RotationAngle=0
ProjectManager.AskForMigrate=true
ProjectManager.BackupPrevious=false
ProjectManager.CompilerOptimize=6
ProjectManager.ComputerToolchain=false
ProjectManager.CoupleFile=true
ProjectManager.CustomerFirmwarePackage=
ProjectManager.DefaultFWLocation=true
ProjectManager.DeletePrevious=true
ProjectManager.DeviceId=STM32F334C8Tx
ProjectManager.FirmwarePackage=STM32Cube FW_F3 V1.11.0
ProjectManager.FreePins=false
ProjectManager.HalAssertFull=false
ProjectManager.HeapSize=0x200
ProjectManager.KeepUserCode=true
ProjectManager.LastFirmware=true
ProjectManager.LibraryCopy=1
ProjectManager.MainLocation=Core/Src
ProjectManager.NoMain=false
ProjectManager.PreviousToolchain=
ProjectManager.ProjectBuild=false
ProjectManager.ProjectFileName=CipollinoRTOS.ioc
ProjectManager.ProjectName=CipollinoRTOS
ProjectManager.StackSize=0x400
ProjectManager.TargetToolchain=STM32CubeIDE
ProjectManager.ToolChainLocation=
ProjectManager.UnderRoot=true
ProjectManager.functionlistsort=1-MX_GPIO_Init-GPIO-false-LL-true,2-MX_DMA_Init-DMA-false-LL-true,3-SystemClock_Config-RCC-false-LL-true,4-MX_IWDG_Init-IWDG-false-LL-true,5-MX_CRC_Init-CRC-false-LL-true,6-MX_HRTIM1_Init-HRTIM1-false-LL-true,7-MX_USART2_UART_Init-USART2-false-LL-true,8-MX_ADC1_Init-ADC1-false-LL-true,9-MX_ADC2_Init-ADC2-false-LL-true,10-MX_COMP2_Init-COMP2-false-LL-true,11-MX_COMP4_Init-COMP4-false-LL-true,12-MX_DAC1_Init-DAC1-false-LL-true,13-MX_DAC2_Init-DAC2-false-LL-true,14-MX_TIM2_Init-TIM2-false-LL-true
RCC.ADC12outputFreq_Value=72000000
RCC.AHBFreq_Value=72000000
RCC.APB1CLKDivider=RCC_HCLK_DIV2
RCC.APB1Freq_Value=36000000
RCC.APB1TimFreq_Value=72000000
RCC.APB2Freq_Value=72000000
RCC.APB2TimFreq_Value=72000000
RCC.CortexFreq_Value=72000000
RCC.FCLKCortexFreq_Value=72000000
RCC.FamilyName=M
RCC.HCLKFreq_Value=72000000
RCC.HRTIM1Freq_Value=144000000
RCC.HRTIMSelection=RCC_HRTIM1CLK_PLLCLK
RCC.HSEPLLFreq_Value=12000000
RCC.HSE_VALUE=12000000
RCC.HSIPLLFreq_Value=4000000
RCC.HSI_VALUE=8000000
RCC.I2C1Freq_Value=8000000
RCC.IPParameters=ADC12outputFreq_Value,AHBFreq_Value,APB1CLKDivider,APB1Freq_Value,APB1TimFreq_Value,APB2Freq_Value,APB2TimFreq_Value,CortexFreq_Value,FCLKCortexFreq_Value,FamilyName,HCLKFreq_Value,HRTIM1Freq_Value,HRTIMSelection,HSEPLLFreq_Value,HSE_VALUE,HSIPLLFreq_Value,HSI_VALUE,I2C1Freq_Value,LSE_VALUE,LSI_VALUE,MCOFreq_Value,PLLCLKFreq_Value,PLLMCOFreq_Value,PLLMUL,PLLSourceVirtual,RTCFreq_Value,RTCHSEDivFreq_Value,SYSCLKFreq_VALUE,SYSCLKSourceVirtual,TIM1Freq_Value,TIM2Freq_Value,USART1Freq_Value,VCOOutput2Freq_Value
RCC.LSE_VALUE=32768
RCC.LSI_VALUE=40000
RCC.MCOFreq_Value=72000000
RCC.PLLCLKFreq_Value=72000000
RCC.PLLMCOFreq_Value=72000000
RCC.PLLMUL=RCC_PLL_MUL6
RCC.PLLSourceVirtual=RCC_PLLSOURCE_HSE
RCC.RTCFreq_Value=40000
RCC.RTCHSEDivFreq_Value=375000
RCC.SYSCLKFreq_VALUE=72000000
RCC.SYSCLKSourceVirtual=RCC_SYSCLKSOURCE_PLLCLK
RCC.TIM1Freq_Value=72000000
RCC.TIM2Freq_Value=72000000
RCC.USART1Freq_Value=36000000
RCC.VCOOutput2Freq_Value=12000000
SH.COMP_DAC11_group.0=DAC1_OUT1,DAC_OUT1
SH.COMP_DAC11_group.ConfNb=1
SH.COMP_DAC21_group.0=DAC2_OUT1,Switch_Enable_OUT1
SH.COMP_DAC21_group.ConfNb=1
SH.GPXTI12.0=GPIO_EXTI12
SH.GPXTI12.ConfNb=1
SH.GPXTI13.0=GPIO_EXTI13
SH.GPXTI13.ConfNb=1
SH.GPXTI3.0=GPIO_EXTI3
SH.GPXTI3.ConfNb=1
SH.GPXTI7.0=GPIO_EXTI7
SH.GPXTI7.ConfNb=1
SH.GPXTI8.0=GPIO_EXTI8
SH.GPXTI8.ConfNb=1
SH.S_TIM2_CH3.0=TIM2_CH3,PWM Generation3 CH3
SH.S_TIM2_CH3.ConfNb=1
TIM2.AutoReloadPreload=TIM_AUTORELOAD_PRELOAD_ENABLE
TIM2.Channel-PWM\ Generation3\ CH3=TIM_CHANNEL_3
TIM2.IPParameters=Channel-PWM Generation3 CH3,Prescaler,Period,AutoReloadPreload,OCFastMode_PWM-PWM Generation3 CH3
TIM2.OCFastMode_PWM-PWM\ Generation3\ CH3=TIM_OCFAST_ENABLE
TIM2.Period=35999
TIM2.Prescaler=1
USART2.BaudRate=115200
USART2.IPParameters=VirtualMode-Asynchronous,BaudRate
USART2.VirtualMode-Asynchronous=VM_ASYNC
VP_COMP2_VS_DAC1OUT1.Mode=INM_DAC1OUT1
VP_COMP2_VS_DAC1OUT1.Signal=COMP2_VS_DAC1OUT1
VP_COMP4_VS_DAC2OUT1.Mode=INM_DAC2OUT1
VP_COMP4_VS_DAC2OUT1.Signal=COMP4_VS_DAC2OUT1
VP_CRC_VS_CRC.Mode=CRC_Activate
VP_CRC_VS_CRC.Signal=CRC_VS_CRC
VP_HRTIM1_VS_hrtimMasterTimerNoOutput.Mode=MasterTimer
VP_HRTIM1_VS_hrtimMasterTimerNoOutput.Signal=HRTIM1_VS_hrtimMasterTimerNoOutput
VP_IWDG_VS_IWDG.Mode=IWDG_Activate
VP_IWDG_VS_IWDG.Signal=IWDG_VS_IWDG
VP_SYS_VS_Systick.Mode=SysTick
VP_SYS_VS_Systick.Signal=SYS_VS_Systick
board=custom
isbadioc=false
